
Microsoft Visual Studio Solution File, Format Version 12.00
# Visual Studio Version 17
VisualStudioVersion = 17.3.32929.385
MinimumVisualStudioVersion = 10.0.40219.1
Project("{FAE04EC0-301F-11D3-BF4B-00C04F79EFBC}") = "Authentication", "Authentication\Authentication.csproj", "{52DD12BC-0257-4530-B3B4-98682545895E}"
EndProject
Global
	GlobalSection(SolutionConfigurationPlatforms) = preSolution
		Debug|Any CPU = Debug|Any CPU
		Release|Any CPU = Release|Any CPU
	EndGlobalSection
	GlobalSection(ProjectConfigurationPlatforms) = postSolution
		{52DD12BC-0257-4530-B3B4-98682545895E}.Debug|Any CPU.ActiveCfg = Debug|Any CPU
		{52DD12BC-0257-4530-B3B4-98682545895E}.Debug|Any CPU.Build.0 = Debug|Any CPU
		{52DD12BC-0257-4530-B3B4-98682545895E}.Release|Any CPU.ActiveCfg = Release|Any CPU
		{52DD12BC-0257-4530-B3B4-98682545895E}.Release|Any CPU.Build.0 = Release|Any CPU
	EndGlobalSection
	GlobalSection(SolutionProperties) = preSolution
		HideSolutionNode = FALSE
	EndGlobalSection
	GlobalSection(ExtensibilityGlobals) = postSolution
		SolutionGuid = {E39ACC70-FF2B-4ED5-B4BE-2C33A9DCE084}
	EndGlobalSection
EndGlobal
